
Microsoft Visual Studio Solution File, Format Version 12.00
# Visual Studio Version 16
VisualStudioVersion = 16.0.30611.23
MinimumVisualStudioVersion = 10.0.40219.1
Project("{8BC9CEB8-8B4A-11D0-8D11-00A0C91BC942}") = "CudaConvolution", "CudaConvolution.vcxproj", "{6C4B3096-A7F0-4FA3-8B29-8375EA076EF4}"
EndProject
Global
	GlobalSection(SolutionConfigurationPlatforms) = preSolution
		Debug|x64 = Debug|x64
		Debug|x86 = Debug|x86
		Release|x64 = Release|x64
		Release|x86 = Release|x86
	EndGlobalSection
	GlobalSection(ProjectConfigurationPlatforms) = postSolution
		{6C4B3096-A7F0-4FA3-8B29-8375EA076EF4}.Debug|x64.ActiveCfg = Debug|x64
		{6C4B3096-A7F0-4FA3-8B29-8375EA076EF4}.Debug|x64.Build.0 = Debug|x64
		{6C4B3096-A7F0-4FA3-8B29-8375EA076EF4}.Debug|x86.ActiveCfg = Debug|Win32
		{6C4B3096-A7F0-4FA3-8B29-8375EA076EF4}.Debug|x86.Build.0 = Debug|Win32
		{6C4B3096-A7F0-4FA3-8B29-8375EA076EF4}.Release|x64.ActiveCfg = Release|x64
		{6C4B3096-A7F0-4FA3-8B29-8375EA076EF4}.Release|x64.Build.0 = Release|x64
		{6C4B3096-A7F0-4FA3-8B29-8375EA076EF4}.Release|x86.ActiveCfg = Release|Win32
		{6C4B3096-A7F0-4FA3-8B29-8375EA076EF4}.Release|x86.Build.0 = Release|Win32
	EndGlobalSection
	GlobalSection(SolutionProperties) = preSolution
		HideSolutionNode = FALSE
	EndGlobalSection
	GlobalSection(ExtensibilityGlobals) = postSolution
		SolutionGuid = {F37DAA55-DB1E-49ED-9CEA-60425E421AB8}
	EndGlobalSection
EndGlobal
